{
  "name": "EntregaFinal-Bogado",
  "lockfileVersion": 2,
  "requires": true,
  "packages": {
    "": {
      "dependencies": {
        "mathsjs": "^1.4.0"
      }
    },
    "node_modules/mathsjs": {
      "version": "1.4.0",
      "resolved": "https://registry.npmjs.org/mathsjs/-/mathsjs-1.4.0.tgz",
      "integrity": "sha512-jT5f3KNse4jaAtUksDvwYrHHCvFBU7bLec8V4pbcpipIEQep9XuwTCy28TblvHhQGFDj3CR4UktrLJ2WIKwCig=="
    }
  },
  "dependencies": {
    "mathsjs": {
      "version": "1.4.0",
      "resolved": "https://registry.npmjs.org/mathsjs/-/mathsjs-1.4.0.tgz",
      "integrity": "sha512-jT5f3KNse4jaAtUksDvwYrHHCvFBU7bLec8V4pbcpipIEQep9XuwTCy28TblvHhQGFDj3CR4UktrLJ2WIKwCig=="
    }
  }
}
